<?xml version="1.0" encoding="utf-8"?>
<Project ToolsVersion="4.0" xmlns="http://schemas.microsoft.com/developer/msbuild/2003">
  <ItemGroup>
    <Filter Include="Source Files">
      <UniqueIdentifier>{4FC737F1-C7A5-4376-A066-2A32D752A2FF}</UniqueIdentifier>
      <Extensions>cpp;c;cc;cxx;def;odl;idl;hpj;bat;asm;asmx</Extensions>
    </Filter>
    <Filter Include="Header Files">
      <UniqueIdentifier>{93995380-89BD-4b04-88EB-625FBE52EBFB}</UniqueIdentifier>
      <Extensions>h;hh;hpp;hxx;hm;inl;inc;xsd</Extensions>
    </Filter>
    <Filter Include="Resource Files">
      <UniqueIdentifier>{67DA6AB6-F800-4c08-8B7A-83BB121AAD01}</UniqueIdentifier>
      <Extensions>rc;ico;cur;bmp;dlg;rc2;rct;bin;rgs;gif;jpg;jpeg;jpe;resx;tiff;tif;png;wav;mfcribbon-ms</Extensions>
    </Filter>
    <Filter Include="public">
      <UniqueIdentifier>{d1d311c7-63af-4722-9c0a-6055090082dd}</UniqueIdentifier>
    </Filter>
    <Filter Include="public\test">
      <UniqueIdentifier>{3d495598-b857-4d6d-9c72-ae74898c7ef6}</UniqueIdentifier>
    </Filter>
  </ItemGroup>
  <ItemGroup>
    <None Include="public\cat.html">
      <Filter>public</Filter>
    </None>
    <None Include="public\hello.html">
      <Filter>public</Filter>
    </None>
    <None Include="public\hello.php">
      <Filter>public</Filter>
    </None>
    <None Include="public\test\index.html">
      <Filter>public\test</Filter>
    </None>
    <None Include="..\..\Intro-Week 6\pset6\pset6\server" />
    <None Include="..\..\Intro-Week 6\pset6\pset6\Makefile">
      <Filter>Header Files</Filter>
    </None>
  </ItemGroup>
  <ItemGroup>
    <Image Include="public\cat.jpg">
      <Filter>public</Filter>
    </Image>
    <Image Include="public\favicon.ico">
      <Filter>public</Filter>
    </Image>
  </ItemGroup>
  <ItemGroup>
    <ClCompile Include="..\..\Intro-Week 6\pset6\pset6\server.c" />
  </ItemGroup>
</Project>